
Microsoft Visual Studio Solution File, Format Version 12.00
# Visual Studio 15
Project("{FAE04EC0-301F-11D3-BF4B-00C04F79EFBC}") = "Assembly-CSharp", "Assembly-CSharp.csproj", "{56DF9FBD-E84F-57AD-B2D6-30EC2150AB23}"
EndProject
Project("{FAE04EC0-301F-11D3-BF4B-00C04F79EFBC}") = "Assembly-CSharp-Editor", "Assembly-CSharp-Editor.csproj", "{F07F78CC-A2F7-681D-0D60-82930CC2D4AD}"
EndProject
Global
	GlobalSection(SolutionConfigurationPlatforms) = preSolution
		Debug|Any CPU = Debug|Any CPU
		Release|Any CPU = Release|Any CPU
	EndGlobalSection
	GlobalSection(ProjectConfigurationPlatforms) = postSolution
		{56DF9FBD-E84F-57AD-B2D6-30EC2150AB23}.Debug|Any CPU.ActiveCfg = Debug|Any CPU
		{56DF9FBD-E84F-57AD-B2D6-30EC2150AB23}.Debug|Any CPU.Build.0 = Debug|Any CPU
		{56DF9FBD-E84F-57AD-B2D6-30EC2150AB23}.Release|Any CPU.ActiveCfg = Release|Any CPU
		{56DF9FBD-E84F-57AD-B2D6-30EC2150AB23}.Release|Any CPU.Build.0 = Release|Any CPU
		{F07F78CC-A2F7-681D-0D60-82930CC2D4AD}.Debug|Any CPU.ActiveCfg = Debug|Any CPU
		{F07F78CC-A2F7-681D-0D60-82930CC2D4AD}.Debug|Any CPU.Build.0 = Debug|Any CPU
		{F07F78CC-A2F7-681D-0D60-82930CC2D4AD}.Release|Any CPU.ActiveCfg = Release|Any CPU
		{F07F78CC-A2F7-681D-0D60-82930CC2D4AD}.Release|Any CPU.Build.0 = Release|Any CPU
	EndGlobalSection
	GlobalSection(SolutionProperties) = preSolution
		HideSolutionNode = FALSE
	EndGlobalSection
EndGlobal
